
Microsoft Visual Studio Solution File, Format Version 12.00
# Visual Studio Version 17
VisualStudioVersion = 17.14.36203.30
MinimumVisualStudioVersion = 10.0.40219.1
Project("{FAE04EC0-301F-11D3-BF4B-00C04F79EFBC}") = "DemoProject", "DemoProject\DemoProject.csproj", "{99E9F55E-E502-4BA8-888E-7EAA8E8E4095}"
EndProject
Project("{FAE04EC0-301F-11D3-BF4B-00C04F79EFBC}") = "DemoLibrary", "DemoLibrary\DemoLibrary.csproj", "{335762E6-AFFD-4856-9BAB-05F69B411CB5}"
EndProject
Project("{FAE04EC0-301F-11D3-BF4B-00C04F79EFBC}") = "DemoHelper", "DemoHelper\DemoHelper.csproj", "{740DEB46-85DF-48FB-8F43-9A5C8A970181}"
EndProject
Global
	GlobalSection(SolutionConfigurationPlatforms) = preSolution
		Debug|Any CPU = Debug|Any CPU
		Release|Any CPU = Release|Any CPU
	EndGlobalSection
	GlobalSection(ProjectConfigurationPlatforms) = postSolution
		{99E9F55E-E502-4BA8-888E-7EAA8E8E4095}.Debug|Any CPU.ActiveCfg = Debug|Any CPU
		{99E9F55E-E502-4BA8-888E-7EAA8E8E4095}.Debug|Any CPU.Build.0 = Debug|Any CPU
		{99E9F55E-E502-4BA8-888E-7EAA8E8E4095}.Release|Any CPU.ActiveCfg = Release|Any CPU
		{99E9F55E-E502-4BA8-888E-7EAA8E8E4095}.Release|Any CPU.Build.0 = Release|Any CPU
		{335762E6-AFFD-4856-9BAB-05F69B411CB5}.Debug|Any CPU.ActiveCfg = Debug|Any CPU
		{335762E6-AFFD-4856-9BAB-05F69B411CB5}.Debug|Any CPU.Build.0 = Debug|Any CPU
		{335762E6-AFFD-4856-9BAB-05F69B411CB5}.Release|Any CPU.ActiveCfg = Release|Any CPU
		{335762E6-AFFD-4856-9BAB-05F69B411CB5}.Release|Any CPU.Build.0 = Release|Any CPU
		{740DEB46-85DF-48FB-8F43-9A5C8A970181}.Debug|Any CPU.ActiveCfg = Debug|Any CPU
		{740DEB46-85DF-48FB-8F43-9A5C8A970181}.Debug|Any CPU.Build.0 = Debug|Any CPU
		{740DEB46-85DF-48FB-8F43-9A5C8A970181}.Release|Any CPU.ActiveCfg = Release|Any CPU
		{740DEB46-85DF-48FB-8F43-9A5C8A970181}.Release|Any CPU.Build.0 = Release|Any CPU
	EndGlobalSection
	GlobalSection(SolutionProperties) = preSolution
		HideSolutionNode = FALSE
	EndGlobalSection
	GlobalSection(ExtensibilityGlobals) = postSolution
		SolutionGuid = {E1F3A709-C613-4184-B6EA-F0B3DBC90BCB}
	EndGlobalSection
EndGlobal
